
Microsoft Visual Studio Solution File, Format Version 12.00
# Visual Studio 15
VisualStudioVersion = 15.0.26730.16
MinimumVisualStudioVersion = 10.0.40219.1
Project("{FAE04EC0-301F-11D3-BF4B-00C04F79EFBC}") = "QTFK.Core", "QTFK.Core\QTFK.Core.csproj", "{8C740ADF-E4E1-444A-A9F0-2E40B174260F}"
EndProject
Project("{FAE04EC0-301F-11D3-BF4B-00C04F79EFBC}") = "QTFK.Core.Tests", "QTFK.Core.Tests\QTFK.Core.Tests.csproj", "{1E9C4BC3-FED7-42CA-8727-A6E5062F18EF}"
EndProject
Project("{FAE04EC0-301F-11D3-BF4B-00C04F79EFBC}") = "QTFK.Services.DBIO.SQLServer", "QTFK.Services.DBIO.SQLServer\QTFK.Services.DBIO.SQLServer.csproj", "{251058ED-EA21-439B-A495-FE43A9669B57}"
EndProject
Project("{FAE04EC0-301F-11D3-BF4B-00C04F79EFBC}") = "QTFK.Services.DBIO.SQLServer.Tests", "QTFK.Services.DBIO.SQLServer.Tests\QTFK.Services.DBIO.SQLServer.Tests.csproj", "{2298452A-51C1-4959-BC16-8564C89B3D10}"
EndProject
Project("{FAE04EC0-301F-11D3-BF4B-00C04F79EFBC}") = "QTFK.Services.DBIO.OleDB", "QTFK.Services.DBIO.OleDB\QTFK.Services.DBIO.OleDB.csproj", "{ADABC449-C565-4691-A505-E91E137B7F8C}"
EndProject
Project("{FAE04EC0-301F-11D3-BF4B-00C04F79EFBC}") = "QTFK.Services.DBIO.OleDB.Tests", "QTFK.Services.DBIO.OleDB.Tests\QTFK.Services.DBIO.OleDB.Tests.csproj", "{B05C6D2E-0ECC-4C0D-BBBA-AD70EC59F788}"
EndProject
Project("{FAE04EC0-301F-11D3-BF4B-00C04F79EFBC}") = "QTFK.Cmd", "QTFK.Cmd\QTFK.Cmd.csproj", "{ED4ACB31-B46D-47FB-B2B1-16E2154D11CA}"
EndProject
Project("{FAE04EC0-301F-11D3-BF4B-00C04F79EFBC}") = "QTFK.Cmd.Tests", "QTFK.Cmd.Tests\QTFK.Cmd.Tests.csproj", "{B78ED5CD-310E-4E03-A5F7-91EC3CC48150}"
EndProject
Project("{FAE04EC0-301F-11D3-BF4B-00C04F79EFBC}") = "QTFK.Cmd.Tests.FTPDownloader", "QTFK.Cmd.Tests.FTPDownloader\QTFK.Cmd.Tests.FTPDownloader.csproj", "{B4B8505F-9A34-461E-B18F-7CD6985D6107}"
EndProject
Project("{FAE04EC0-301F-11D3-BF4B-00C04F79EFBC}") = "QTFK.Reflection", "QTFK.Reflection\QTFK.Reflection.csproj", "{FB47E6F1-2E3B-47FC-A5A6-C048F54B7FE5}"
EndProject
Project("{FAE04EC0-301F-11D3-BF4B-00C04F79EFBC}") = "QTFK.Reflection.Tests", "QTFK.Reflection.Tests\QTFK.Reflection.Tests.csproj", "{7A2CAA51-1EC3-4638-9EB6-3B928A2CD8CC}"
EndProject
Project("{FAE04EC0-301F-11D3-BF4B-00C04F79EFBC}") = "QTFK.Reflection.Tests.SampleLibrary", "QTFK.Reflection.Tests.SampleLibrary\QTFK.Reflection.Tests.SampleLibrary.csproj", "{C73B69F8-BA2F-4DCE-83AE-14A6716D96F6}"
EndProject
Project("{FAE04EC0-301F-11D3-BF4B-00C04F79EFBC}") = "QTFK.Sandbox", "QTFK.Sandbox\QTFK.Sandbox.csproj", "{533E2112-CF20-434E-ADA7-97A994F74E64}"
EndProject
Project("{FAE04EC0-301F-11D3-BF4B-00C04F79EFBC}") = "QTFK.Sandbox.Tests", "QTFK.Sandbox.Tests\QTFK.Sandbox.Tests.csproj", "{64B54C54-1148-4669-8D81-A0B4C97A368F}"
EndProject
Project("{FAE04EC0-301F-11D3-BF4B-00C04F79EFBC}") = "QTFK.Logs", "QTFK.Logs\QTFK.Logs.csproj", "{277F230C-64C9-4A90-BF71-1D0E83D26658}"
EndProject
Project("{FAE04EC0-301F-11D3-BF4B-00C04F79EFBC}") = "QTFK.Logs.Tests", "QTFK.Logs.Tests\QTFK.Logs.Tests.csproj", "{A09B1D60-436D-4677-BC14-58B21A9EBC18}"
EndProject
Project("{FAE04EC0-301F-11D3-BF4B-00C04F79EFBC}") = "QTFK.DBMigrations", "QTFK.DBMigrations\QTFK.DBMigrations.csproj", "{200F8A2C-E9F3-42A9-B813-339083A77344}"
EndProject
Project("{FAE04EC0-301F-11D3-BF4B-00C04F79EFBC}") = "QTFK.DB", "QTFK.DB\QTFK.DB.csproj", "{857BADF5-36DC-4404-A998-904879300E48}"
EndProject
Global
	GlobalSection(SolutionConfigurationPlatforms) = preSolution
		Debug|Any CPU = Debug|Any CPU
		Debug|x64 = Debug|x64
		Release|Any CPU = Release|Any CPU
		Release|x64 = Release|x64
	EndGlobalSection
	GlobalSection(ProjectConfigurationPlatforms) = postSolution
		{8C740ADF-E4E1-444A-A9F0-2E40B174260F}.Debug|Any CPU.ActiveCfg = Debug|Any CPU
		{8C740ADF-E4E1-444A-A9F0-2E40B174260F}.Debug|Any CPU.Build.0 = Debug|Any CPU
		{8C740ADF-E4E1-444A-A9F0-2E40B174260F}.Debug|x64.ActiveCfg = Debug|x64
		{8C740ADF-E4E1-444A-A9F0-2E40B174260F}.Debug|x64.Build.0 = Debug|x64
		{8C740ADF-E4E1-444A-A9F0-2E40B174260F}.Release|Any CPU.ActiveCfg = Release|Any CPU
		{8C740ADF-E4E1-444A-A9F0-2E40B174260F}.Release|Any CPU.Build.0 = Release|Any CPU
		{8C740ADF-E4E1-444A-A9F0-2E40B174260F}.Release|x64.ActiveCfg = Release|x64
		{8C740ADF-E4E1-444A-A9F0-2E40B174260F}.Release|x64.Build.0 = Release|x64
		{1E9C4BC3-FED7-42CA-8727-A6E5062F18EF}.Debug|Any CPU.ActiveCfg = Debug|Any CPU
		{1E9C4BC3-FED7-42CA-8727-A6E5062F18EF}.Debug|Any CPU.Build.0 = Debug|Any CPU
		{1E9C4BC3-FED7-42CA-8727-A6E5062F18EF}.Debug|x64.ActiveCfg = Debug|x64
		{1E9C4BC3-FED7-42CA-8727-A6E5062F18EF}.Debug|x64.Build.0 = Debug|x64
		{1E9C4BC3-FED7-42CA-8727-A6E5062F18EF}.Release|Any CPU.ActiveCfg = Release|Any CPU
		{1E9C4BC3-FED7-42CA-8727-A6E5062F18EF}.Release|Any CPU.Build.0 = Release|Any CPU
		{1E9C4BC3-FED7-42CA-8727-A6E5062F18EF}.Release|x64.ActiveCfg = Release|x64
		{1E9C4BC3-FED7-42CA-8727-A6E5062F18EF}.Release|x64.Build.0 = Release|x64
		{251058ED-EA21-439B-A495-FE43A9669B57}.Debug|Any CPU.ActiveCfg = Debug|Any CPU
		{251058ED-EA21-439B-A495-FE43A9669B57}.Debug|Any CPU.Build.0 = Debug|Any CPU
		{251058ED-EA21-439B-A495-FE43A9669B57}.Debug|x64.ActiveCfg = Debug|x64
		{251058ED-EA21-439B-A495-FE43A9669B57}.Debug|x64.Build.0 = Debug|x64
		{251058ED-EA21-439B-A495-FE43A9669B57}.Release|Any CPU.ActiveCfg = Release|Any CPU
		{251058ED-EA21-439B-A495-FE43A9669B57}.Release|Any CPU.Build.0 = Release|Any CPU
		{251058ED-EA21-439B-A495-FE43A9669B57}.Release|x64.ActiveCfg = Release|x64
		{251058ED-EA21-439B-A495-FE43A9669B57}.Release|x64.Build.0 = Release|x64
		{2298452A-51C1-4959-BC16-8564C89B3D10}.Debug|Any CPU.ActiveCfg = Debug|Any CPU
		{2298452A-51C1-4959-BC16-8564C89B3D10}.Debug|Any CPU.Build.0 = Debug|Any CPU
		{2298452A-51C1-4959-BC16-8564C89B3D10}.Debug|x64.ActiveCfg = Debug|x64
		{2298452A-51C1-4959-BC16-8564C89B3D10}.Debug|x64.Build.0 = Debug|x64
		{2298452A-51C1-4959-BC16-8564C89B3D10}.Release|Any CPU.ActiveCfg = Release|Any CPU
		{2298452A-51C1-4959-BC16-8564C89B3D10}.Release|Any CPU.Build.0 = Release|Any CPU
		{2298452A-51C1-4959-BC16-8564C89B3D10}.Release|x64.ActiveCfg = Release|x64
		{2298452A-51C1-4959-BC16-8564C89B3D10}.Release|x64.Build.0 = Release|x64
		{ADABC449-C565-4691-A505-E91E137B7F8C}.Debug|Any CPU.ActiveCfg = Debug|Any CPU
		{ADABC449-C565-4691-A505-E91E137B7F8C}.Debug|Any CPU.Build.0 = Debug|Any CPU
		{ADABC449-C565-4691-A505-E91E137B7F8C}.Debug|x64.ActiveCfg = Debug|x64
		{ADABC449-C565-4691-A505-E91E137B7F8C}.Debug|x64.Build.0 = Debug|x64
		{ADABC449-C565-4691-A505-E91E137B7F8C}.Release|Any CPU.ActiveCfg = Release|Any CPU
		{ADABC449-C565-4691-A505-E91E137B7F8C}.Release|Any CPU.Build.0 = Release|Any CPU
		{ADABC449-C565-4691-A505-E91E137B7F8C}.Release|x64.ActiveCfg = Release|x64
		{ADABC449-C565-4691-A505-E91E137B7F8C}.Release|x64.Build.0 = Release|x64
		{B05C6D2E-0ECC-4C0D-BBBA-AD70EC59F788}.Debug|Any CPU.ActiveCfg = Debug|Any CPU
		{B05C6D2E-0ECC-4C0D-BBBA-AD70EC59F788}.Debug|Any CPU.Build.0 = Debug|Any CPU
		{B05C6D2E-0ECC-4C0D-BBBA-AD70EC59F788}.Debug|x64.ActiveCfg = Debug|x64
		{B05C6D2E-0ECC-4C0D-BBBA-AD70EC59F788}.Debug|x64.Build.0 = Debug|x64
		{B05C6D2E-0ECC-4C0D-BBBA-AD70EC59F788}.Release|Any CPU.ActiveCfg = Release|Any CPU
		{B05C6D2E-0ECC-4C0D-BBBA-AD70EC59F788}.Release|Any CPU.Build.0 = Release|Any CPU
		{B05C6D2E-0ECC-4C0D-BBBA-AD70EC59F788}.Release|x64.ActiveCfg = Release|x64
		{B05C6D2E-0ECC-4C0D-BBBA-AD70EC59F788}.Release|x64.Build.0 = Release|x64
		{ED4ACB31-B46D-47FB-B2B1-16E2154D11CA}.Debug|Any CPU.ActiveCfg = Debug|Any CPU
		{ED4ACB31-B46D-47FB-B2B1-16E2154D11CA}.Debug|Any CPU.Build.0 = Debug|Any CPU
		{ED4ACB31-B46D-47FB-B2B1-16E2154D11CA}.Debug|x64.ActiveCfg = Debug|x64
		{ED4ACB31-B46D-47FB-B2B1-16E2154D11CA}.Debug|x64.Build.0 = Debug|x64
		{ED4ACB31-B46D-47FB-B2B1-16E2154D11CA}.Release|Any CPU.ActiveCfg = Release|Any CPU
		{ED4ACB31-B46D-47FB-B2B1-16E2154D11CA}.Release|Any CPU.Build.0 = Release|Any CPU
		{ED4ACB31-B46D-47FB-B2B1-16E2154D11CA}.Release|x64.ActiveCfg = Release|x64
		{ED4ACB31-B46D-47FB-B2B1-16E2154D11CA}.Release|x64.Build.0 = Release|x64
		{B78ED5CD-310E-4E03-A5F7-91EC3CC48150}.Debug|Any CPU.ActiveCfg = Debug|Any CPU
		{B78ED5CD-310E-4E03-A5F7-91EC3CC48150}.Debug|Any CPU.Build.0 = Debug|Any CPU
		{B78ED5CD-310E-4E03-A5F7-91EC3CC48150}.Debug|x64.ActiveCfg = Debug|x64
		{B78ED5CD-310E-4E03-A5F7-91EC3CC48150}.Debug|x64.Build.0 = Debug|x64
		{B78ED5CD-310E-4E03-A5F7-91EC3CC48150}.Release|Any CPU.ActiveCfg = Release|Any CPU
		{B78ED5CD-310E-4E03-A5F7-91EC3CC48150}.Release|Any CPU.Build.0 = Release|Any CPU
		{B78ED5CD-310E-4E03-A5F7-91EC3CC48150}.Release|x64.ActiveCfg = Release|x64
		{B78ED5CD-310E-4E03-A5F7-91EC3CC48150}.Release|x64.Build.0 = Release|x64
		{B4B8505F-9A34-461E-B18F-7CD6985D6107}.Debug|Any CPU.ActiveCfg = Debug|Any CPU
		{B4B8505F-9A34-461E-B18F-7CD6985D6107}.Debug|Any CPU.Build.0 = Debug|Any CPU
		{B4B8505F-9A34-461E-B18F-7CD6985D6107}.Debug|x64.ActiveCfg = Debug|x64
		{B4B8505F-9A34-461E-B18F-7CD6985D6107}.Debug|x64.Build.0 = Debug|x64
		{B4B8505F-9A34-461E-B18F-7CD6985D6107}.Release|Any CPU.ActiveCfg = Release|Any CPU
		{B4B8505F-9A34-461E-B18F-7CD6985D6107}.Release|Any CPU.Build.0 = Release|Any CPU
		{B4B8505F-9A34-461E-B18F-7CD6985D6107}.Release|x64.ActiveCfg = Release|x64
		{B4B8505F-9A34-461E-B18F-7CD6985D6107}.Release|x64.Build.0 = Release|x64
		{FB47E6F1-2E3B-47FC-A5A6-C048F54B7FE5}.Debug|Any CPU.ActiveCfg = Debug|Any CPU
		{FB47E6F1-2E3B-47FC-A5A6-C048F54B7FE5}.Debug|Any CPU.Build.0 = Debug|Any CPU
		{FB47E6F1-2E3B-47FC-A5A6-C048F54B7FE5}.Debug|x64.ActiveCfg = Debug|x64
		{FB47E6F1-2E3B-47FC-A5A6-C048F54B7FE5}.Debug|x64.Build.0 = Debug|x64
		{FB47E6F1-2E3B-47FC-A5A6-C048F54B7FE5}.Release|Any CPU.ActiveCfg = Release|Any CPU
		{FB47E6F1-2E3B-47FC-A5A6-C048F54B7FE5}.Release|Any CPU.Build.0 = Release|Any CPU
		{FB47E6F1-2E3B-47FC-A5A6-C048F54B7FE5}.Release|x64.ActiveCfg = Release|x64
		{FB47E6F1-2E3B-47FC-A5A6-C048F54B7FE5}.Release|x64.Build.0 = Release|x64
		{7A2CAA51-1EC3-4638-9EB6-3B928A2CD8CC}.Debug|Any CPU.ActiveCfg = Debug|Any CPU
		{7A2CAA51-1EC3-4638-9EB6-3B928A2CD8CC}.Debug|Any CPU.Build.0 = Debug|Any CPU
		{7A2CAA51-1EC3-4638-9EB6-3B928A2CD8CC}.Debug|x64.ActiveCfg = Debug|x64
		{7A2CAA51-1EC3-4638-9EB6-3B928A2CD8CC}.Debug|x64.Build.0 = Debug|x64
		{7A2CAA51-1EC3-4638-9EB6-3B928A2CD8CC}.Release|Any CPU.ActiveCfg = Release|Any CPU
		{7A2CAA51-1EC3-4638-9EB6-3B928A2CD8CC}.Release|Any CPU.Build.0 = Release|Any CPU
		{7A2CAA51-1EC3-4638-9EB6-3B928A2CD8CC}.Release|x64.ActiveCfg = Release|x64
		{7A2CAA51-1EC3-4638-9EB6-3B928A2CD8CC}.Release|x64.Build.0 = Release|x64
		{C73B69F8-BA2F-4DCE-83AE-14A6716D96F6}.Debug|Any CPU.ActiveCfg = Debug|Any CPU
		{C73B69F8-BA2F-4DCE-83AE-14A6716D96F6}.Debug|Any CPU.Build.0 = Debug|Any CPU
		{C73B69F8-BA2F-4DCE-83AE-14A6716D96F6}.Debug|x64.ActiveCfg = Debug|x64
		{C73B69F8-BA2F-4DCE-83AE-14A6716D96F6}.Debug|x64.Build.0 = Debug|x64
		{C73B69F8-BA2F-4DCE-83AE-14A6716D96F6}.Release|Any CPU.ActiveCfg = Release|Any CPU
		{C73B69F8-BA2F-4DCE-83AE-14A6716D96F6}.Release|Any CPU.Build.0 = Release|Any CPU
		{C73B69F8-BA2F-4DCE-83AE-14A6716D96F6}.Release|x64.ActiveCfg = Release|x64
		{C73B69F8-BA2F-4DCE-83AE-14A6716D96F6}.Release|x64.Build.0 = Release|x64
		{533E2112-CF20-434E-ADA7-97A994F74E64}.Debug|Any CPU.ActiveCfg = Debug|Any CPU
		{533E2112-CF20-434E-ADA7-97A994F74E64}.Debug|Any CPU.Build.0 = Debug|Any CPU
		{533E2112-CF20-434E-ADA7-97A994F74E64}.Debug|x64.ActiveCfg = Debug|x64
		{533E2112-CF20-434E-ADA7-97A994F74E64}.Debug|x64.Build.0 = Debug|x64
		{533E2112-CF20-434E-ADA7-97A994F74E64}.Release|Any CPU.ActiveCfg = Release|Any CPU
		{533E2112-CF20-434E-ADA7-97A994F74E64}.Release|Any CPU.Build.0 = Release|Any CPU
		{533E2112-CF20-434E-ADA7-97A994F74E64}.Release|x64.ActiveCfg = Release|x64
		{533E2112-CF20-434E-ADA7-97A994F74E64}.Release|x64.Build.0 = Release|x64
		{64B54C54-1148-4669-8D81-A0B4C97A368F}.Debug|Any CPU.ActiveCfg = Debug|Any CPU
		{64B54C54-1148-4669-8D81-A0B4C97A368F}.Debug|Any CPU.Build.0 = Debug|Any CPU
		{64B54C54-1148-4669-8D81-A0B4C97A368F}.Debug|x64.ActiveCfg = Debug|x64
		{64B54C54-1148-4669-8D81-A0B4C97A368F}.Debug|x64.Build.0 = Debug|x64
		{64B54C54-1148-4669-8D81-A0B4C97A368F}.Release|Any CPU.ActiveCfg = Release|Any CPU
		{64B54C54-1148-4669-8D81-A0B4C97A368F}.Release|Any CPU.Build.0 = Release|Any CPU
		{64B54C54-1148-4669-8D81-A0B4C97A368F}.Release|x64.ActiveCfg = Release|x64
		{64B54C54-1148-4669-8D81-A0B4C97A368F}.Release|x64.Build.0 = Release|x64
		{277F230C-64C9-4A90-BF71-1D0E83D26658}.Debug|Any CPU.ActiveCfg = Debug|Any CPU
		{277F230C-64C9-4A90-BF71-1D0E83D26658}.Debug|Any CPU.Build.0 = Debug|Any CPU
		{277F230C-64C9-4A90-BF71-1D0E83D26658}.Debug|x64.ActiveCfg = Debug|x64
		{277F230C-64C9-4A90-BF71-1D0E83D26658}.Debug|x64.Build.0 = Debug|x64
		{277F230C-64C9-4A90-BF71-1D0E83D26658}.Release|Any CPU.ActiveCfg = Release|Any CPU
		{277F230C-64C9-4A90-BF71-1D0E83D26658}.Release|Any CPU.Build.0 = Release|Any CPU
		{277F230C-64C9-4A90-BF71-1D0E83D26658}.Release|x64.ActiveCfg = Release|x64
		{277F230C-64C9-4A90-BF71-1D0E83D26658}.Release|x64.Build.0 = Release|x64
		{A09B1D60-436D-4677-BC14-58B21A9EBC18}.Debug|Any CPU.ActiveCfg = Debug|Any CPU
		{A09B1D60-436D-4677-BC14-58B21A9EBC18}.Debug|Any CPU.Build.0 = Debug|Any CPU
		{A09B1D60-436D-4677-BC14-58B21A9EBC18}.Debug|x64.ActiveCfg = Debug|x64
		{A09B1D60-436D-4677-BC14-58B21A9EBC18}.Debug|x64.Build.0 = Debug|x64
		{A09B1D60-436D-4677-BC14-58B21A9EBC18}.Release|Any CPU.ActiveCfg = Release|Any CPU
		{A09B1D60-436D-4677-BC14-58B21A9EBC18}.Release|Any CPU.Build.0 = Release|Any CPU
		{A09B1D60-436D-4677-BC14-58B21A9EBC18}.Release|x64.ActiveCfg = Release|x64
		{A09B1D60-436D-4677-BC14-58B21A9EBC18}.Release|x64.Build.0 = Release|x64
		{200F8A2C-E9F3-42A9-B813-339083A77344}.Debug|Any CPU.ActiveCfg = Debug|Any CPU
		{200F8A2C-E9F3-42A9-B813-339083A77344}.Debug|Any CPU.Build.0 = Debug|Any CPU
		{200F8A2C-E9F3-42A9-B813-339083A77344}.Debug|x64.ActiveCfg = Debug|x64
		{200F8A2C-E9F3-42A9-B813-339083A77344}.Debug|x64.Build.0 = Debug|x64
		{200F8A2C-E9F3-42A9-B813-339083A77344}.Release|Any CPU.ActiveCfg = Release|Any CPU
		{200F8A2C-E9F3-42A9-B813-339083A77344}.Release|Any CPU.Build.0 = Release|Any CPU
		{200F8A2C-E9F3-42A9-B813-339083A77344}.Release|x64.ActiveCfg = Release|x64
		{200F8A2C-E9F3-42A9-B813-339083A77344}.Release|x64.Build.0 = Release|x64
		{857BADF5-36DC-4404-A998-904879300E48}.Debug|Any CPU.ActiveCfg = Debug|Any CPU
		{857BADF5-36DC-4404-A998-904879300E48}.Debug|Any CPU.Build.0 = Debug|Any CPU
		{857BADF5-36DC-4404-A998-904879300E48}.Debug|x64.ActiveCfg = Debug|x64
		{857BADF5-36DC-4404-A998-904879300E48}.Debug|x64.Build.0 = Debug|x64
		{857BADF5-36DC-4404-A998-904879300E48}.Release|Any CPU.ActiveCfg = Release|Any CPU
		{857BADF5-36DC-4404-A998-904879300E48}.Release|Any CPU.Build.0 = Release|Any CPU
		{857BADF5-36DC-4404-A998-904879300E48}.Release|x64.ActiveCfg = Release|x64
		{857BADF5-36DC-4404-A998-904879300E48}.Release|x64.Build.0 = Release|x64
	EndGlobalSection
	GlobalSection(SolutionProperties) = preSolution
		HideSolutionNode = FALSE
	EndGlobalSection
	GlobalSection(ExtensibilityGlobals) = postSolution
		SolutionGuid = {FB397887-50FB-487F-B34E-BC2B9973FB16}
	EndGlobalSection
EndGlobal
