
Microsoft Visual Studio Solution File, Format Version 12.00
# Visual Studio 14
VisualStudioVersion = 14.0.25420.1
MinimumVisualStudioVersion = 10.0.40219.1
Project("{2150E333-8FDC-42A3-9474-1A3956D46DE8}") = "Tests", "Tests", "{B71D5F28-8791-4FA3-96AE-130945D9B602}"
EndProject
Project("{FAE04EC0-301F-11D3-BF4B-00C04F79EFBC}") = "QTFK.Core", "QTFK.Core\QTFK.Core.csproj", "{8C740ADF-E4E1-444A-A9F0-2E40B174260F}"
EndProject
Project("{FAE04EC0-301F-11D3-BF4B-00C04F79EFBC}") = "QTFK.Core.Tests", "Tests\QTFK.Core.Tests\QTFK.Core.Tests.csproj", "{1E9C4BC3-FED7-42CA-8727-A6E5062F18EF}"
EndProject
Project("{FAE04EC0-301F-11D3-BF4B-00C04F79EFBC}") = "QTFK.Services.DBIO.SQLServer", "QTFK.Services.DBIO.SQLServer\QTFK.Services.DBIO.SQLServer.csproj", "{251058ED-EA21-439B-A495-FE43A9669B57}"
EndProject
Project("{FAE04EC0-301F-11D3-BF4B-00C04F79EFBC}") = "QTFK.Services.DBIO.SQLServer.Tests", "Tests\QTFK.Services.DBIO.SQLServer.Tests\QTFK.Services.DBIO.SQLServer.Tests.csproj", "{2298452A-51C1-4959-BC16-8564C89B3D10}"
EndProject
Project("{FAE04EC0-301F-11D3-BF4B-00C04F79EFBC}") = "QTFK.Extensions", "QTFK.Extensions\QTFK.Extensions.csproj", "{D6DB2C2B-D86D-45CF-A756-37ED71C614D3}"
EndProject
Project("{FAE04EC0-301F-11D3-BF4B-00C04F79EFBC}") = "QTFK.Services.DBIO.OleDB", "QTFK.Services.DBIO.OleDB\QTFK.Services.DBIO.OleDB.csproj", "{ADABC449-C565-4691-A505-E91E137B7F8C}"
EndProject
Project("{FAE04EC0-301F-11D3-BF4B-00C04F79EFBC}") = "QTFK.Services.DBIO.OleDB.Tests", "Tests\QTFK.Services.DBIO.OleDB.Tests\QTFK.Services.DBIO.OleDB.Tests.csproj", "{B05C6D2E-0ECC-4C0D-BBBA-AD70EC59F788}"
EndProject
Global
	GlobalSection(SolutionConfigurationPlatforms) = preSolution
		Debug|Any CPU = Debug|Any CPU
		Release|Any CPU = Release|Any CPU
	EndGlobalSection
	GlobalSection(ProjectConfigurationPlatforms) = postSolution
		{8C740ADF-E4E1-444A-A9F0-2E40B174260F}.Debug|Any CPU.ActiveCfg = Debug|Any CPU
		{8C740ADF-E4E1-444A-A9F0-2E40B174260F}.Debug|Any CPU.Build.0 = Debug|Any CPU
		{8C740ADF-E4E1-444A-A9F0-2E40B174260F}.Release|Any CPU.ActiveCfg = Release|Any CPU
		{8C740ADF-E4E1-444A-A9F0-2E40B174260F}.Release|Any CPU.Build.0 = Release|Any CPU
		{1E9C4BC3-FED7-42CA-8727-A6E5062F18EF}.Debug|Any CPU.ActiveCfg = Debug|Any CPU
		{1E9C4BC3-FED7-42CA-8727-A6E5062F18EF}.Debug|Any CPU.Build.0 = Debug|Any CPU
		{1E9C4BC3-FED7-42CA-8727-A6E5062F18EF}.Release|Any CPU.ActiveCfg = Release|Any CPU
		{1E9C4BC3-FED7-42CA-8727-A6E5062F18EF}.Release|Any CPU.Build.0 = Release|Any CPU
		{251058ED-EA21-439B-A495-FE43A9669B57}.Debug|Any CPU.ActiveCfg = Debug|Any CPU
		{251058ED-EA21-439B-A495-FE43A9669B57}.Debug|Any CPU.Build.0 = Debug|Any CPU
		{251058ED-EA21-439B-A495-FE43A9669B57}.Release|Any CPU.ActiveCfg = Release|Any CPU
		{251058ED-EA21-439B-A495-FE43A9669B57}.Release|Any CPU.Build.0 = Release|Any CPU
		{2298452A-51C1-4959-BC16-8564C89B3D10}.Debug|Any CPU.ActiveCfg = Debug|Any CPU
		{2298452A-51C1-4959-BC16-8564C89B3D10}.Debug|Any CPU.Build.0 = Debug|Any CPU
		{2298452A-51C1-4959-BC16-8564C89B3D10}.Release|Any CPU.ActiveCfg = Release|Any CPU
		{2298452A-51C1-4959-BC16-8564C89B3D10}.Release|Any CPU.Build.0 = Release|Any CPU
		{D6DB2C2B-D86D-45CF-A756-37ED71C614D3}.Debug|Any CPU.ActiveCfg = Debug|Any CPU
		{D6DB2C2B-D86D-45CF-A756-37ED71C614D3}.Debug|Any CPU.Build.0 = Debug|Any CPU
		{D6DB2C2B-D86D-45CF-A756-37ED71C614D3}.Release|Any CPU.ActiveCfg = Release|Any CPU
		{D6DB2C2B-D86D-45CF-A756-37ED71C614D3}.Release|Any CPU.Build.0 = Release|Any CPU
		{ADABC449-C565-4691-A505-E91E137B7F8C}.Debug|Any CPU.ActiveCfg = Debug|Any CPU
		{ADABC449-C565-4691-A505-E91E137B7F8C}.Debug|Any CPU.Build.0 = Debug|Any CPU
		{ADABC449-C565-4691-A505-E91E137B7F8C}.Release|Any CPU.ActiveCfg = Release|Any CPU
		{ADABC449-C565-4691-A505-E91E137B7F8C}.Release|Any CPU.Build.0 = Release|Any CPU
		{B05C6D2E-0ECC-4C0D-BBBA-AD70EC59F788}.Debug|Any CPU.ActiveCfg = Debug|Any CPU
		{B05C6D2E-0ECC-4C0D-BBBA-AD70EC59F788}.Debug|Any CPU.Build.0 = Debug|Any CPU
		{B05C6D2E-0ECC-4C0D-BBBA-AD70EC59F788}.Release|Any CPU.ActiveCfg = Release|Any CPU
		{B05C6D2E-0ECC-4C0D-BBBA-AD70EC59F788}.Release|Any CPU.Build.0 = Release|Any CPU
	EndGlobalSection
	GlobalSection(SolutionProperties) = preSolution
		HideSolutionNode = FALSE
	EndGlobalSection
	GlobalSection(NestedProjects) = preSolution
		{1E9C4BC3-FED7-42CA-8727-A6E5062F18EF} = {B71D5F28-8791-4FA3-96AE-130945D9B602}
		{2298452A-51C1-4959-BC16-8564C89B3D10} = {B71D5F28-8791-4FA3-96AE-130945D9B602}
		{B05C6D2E-0ECC-4C0D-BBBA-AD70EC59F788} = {B71D5F28-8791-4FA3-96AE-130945D9B602}
	EndGlobalSection
EndGlobal
