
Microsoft Visual Studio Solution File, Format Version 12.00
# Visual Studio 15
VisualStudioVersion = 15.0.26730.16
MinimumVisualStudioVersion = 10.0.40219.1
Project("{2150E333-8FDC-42A3-9474-1A3956D46DE8}") = "Tests", "Tests", "{B71D5F28-8791-4FA3-96AE-130945D9B602}"
EndProject
Project("{FAE04EC0-301F-11D3-BF4B-00C04F79EFBC}") = "QTFK.Core", "QTFK.Core\QTFK.Core.csproj", "{8C740ADF-E4E1-444A-A9F0-2E40B174260F}"
EndProject
Project("{FAE04EC0-301F-11D3-BF4B-00C04F79EFBC}") = "QTFK.Core.Tests", "Tests\QTFK.Core.Tests\QTFK.Core.Tests.csproj", "{1E9C4BC3-FED7-42CA-8727-A6E5062F18EF}"
EndProject
Project("{FAE04EC0-301F-11D3-BF4B-00C04F79EFBC}") = "QTFK.Services.DBIO.SQLServer", "QTFK.Services.DBIO.SQLServer\QTFK.Services.DBIO.SQLServer.csproj", "{251058ED-EA21-439B-A495-FE43A9669B57}"
EndProject
Project("{FAE04EC0-301F-11D3-BF4B-00C04F79EFBC}") = "QTFK.Services.DBIO.SQLServer.Tests", "Tests\QTFK.Services.DBIO.SQLServer.Tests\QTFK.Services.DBIO.SQLServer.Tests.csproj", "{2298452A-51C1-4959-BC16-8564C89B3D10}"
EndProject
Project("{FAE04EC0-301F-11D3-BF4B-00C04F79EFBC}") = "QTFK.Extensions", "QTFK.Extensions\QTFK.Extensions.csproj", "{D6DB2C2B-D86D-45CF-A756-37ED71C614D3}"
EndProject
Project("{FAE04EC0-301F-11D3-BF4B-00C04F79EFBC}") = "QTFK.Extensions.Tests", "Tests\QTFK.Extensions.Tests\QTFK.Extensions.Tests.csproj", "{6AD2DEE5-2A41-462B-AEC8-4D8627DDD856}"
EndProject
Project("{FAE04EC0-301F-11D3-BF4B-00C04F79EFBC}") = "QTFK.Services.DBIO.OleDB", "QTFK.Services.DBIO.OleDB\QTFK.Services.DBIO.OleDB.csproj", "{ADABC449-C565-4691-A505-E91E137B7F8C}"
EndProject
Project("{FAE04EC0-301F-11D3-BF4B-00C04F79EFBC}") = "QTFK.Services.DBIO.OleDB.Tests", "Tests\QTFK.Services.DBIO.OleDB.Tests\QTFK.Services.DBIO.OleDB.Tests.csproj", "{B05C6D2E-0ECC-4C0D-BBBA-AD70EC59F788}"
EndProject
Project("{FAE04EC0-301F-11D3-BF4B-00C04F79EFBC}") = "QTFK.Cmd", "QTFK.Cmd\QTFK.Cmd.csproj", "{ED4ACB31-B46D-47FB-B2B1-16E2154D11CA}"
EndProject
Project("{FAE04EC0-301F-11D3-BF4B-00C04F79EFBC}") = "QTFK.Cmd.Tests", "Tests\QTFK.Cmd.Tests\QTFK.Cmd.Tests.csproj", "{B78ED5CD-310E-4E03-A5F7-91EC3CC48150}"
EndProject
Project("{2150E333-8FDC-42A3-9474-1A3956D46DE8}") = "Samples", "Samples", "{A35075D6-7EBA-45BE-9307-DC8FCA1290C9}"
EndProject
Project("{FAE04EC0-301F-11D3-BF4B-00C04F79EFBC}") = "FTPDownloader", "Samples\FTPDownloader\FTPDownloader.csproj", "{B4B8505F-9A34-461E-B18F-7CD6985D6107}"
EndProject
Project("{FAE04EC0-301F-11D3-BF4B-00C04F79EFBC}") = "QTFK.Reflection", "QTFK.Reflection\QTFK.Reflection.csproj", "{FB47E6F1-2E3B-47FC-A5A6-C048F54B7FE5}"
EndProject
Project("{FAE04EC0-301F-11D3-BF4B-00C04F79EFBC}") = "QTFK.Reflection.Tests", "Tests\QTFK.Reflection.Tests\QTFK.Reflection.Tests.csproj", "{7A2CAA51-1EC3-4638-9EB6-3B928A2CD8CC}"
EndProject
Project("{FAE04EC0-301F-11D3-BF4B-00C04F79EFBC}") = "SampleLibrary", "Samples\SampleLibrary\SampleLibrary.csproj", "{C73B69F8-BA2F-4DCE-83AE-14A6716D96F6}"
EndProject
Project("{FAE04EC0-301F-11D3-BF4B-00C04F79EFBC}") = "QTFK.Sandbox", "QTFK.Sandbox\QTFK.Sandbox.csproj", "{533E2112-CF20-434E-ADA7-97A994F74E64}"
EndProject
Project("{FAE04EC0-301F-11D3-BF4B-00C04F79EFBC}") = "QTFK.Sandbox.Tests", "QTFK.Sandbox.Tests\QTFK.Sandbox.Tests.csproj", "{64B54C54-1148-4669-8D81-A0B4C97A368F}"
EndProject
Project("{FAE04EC0-301F-11D3-BF4B-00C04F79EFBC}") = "QTFK.Logs", "QTFK.Logs\QTFK.Logs.csproj", "{277F230C-64C9-4A90-BF71-1D0E83D26658}"
EndProject
Project("{FAE04EC0-301F-11D3-BF4B-00C04F79EFBC}") = "QTFK.Logs.Tests", "QTFK.Logs.Tests\QTFK.Logs.Tests.csproj", "{A09B1D60-436D-4677-BC14-58B21A9EBC18}"
EndProject
Project("{FAE04EC0-301F-11D3-BF4B-00C04F79EFBC}") = "QTFK.DBMigrations", "QTFK.DBMigrations\QTFK.DBMigrations.csproj", "{200F8A2C-E9F3-42A9-B813-339083A77344}"
EndProject
Global
	GlobalSection(SolutionConfigurationPlatforms) = preSolution
		Debug|Any CPU = Debug|Any CPU
		Release|Any CPU = Release|Any CPU
	EndGlobalSection
	GlobalSection(ProjectConfigurationPlatforms) = postSolution
		{8C740ADF-E4E1-444A-A9F0-2E40B174260F}.Debug|Any CPU.ActiveCfg = Debug|Any CPU
		{8C740ADF-E4E1-444A-A9F0-2E40B174260F}.Debug|Any CPU.Build.0 = Debug|Any CPU
		{8C740ADF-E4E1-444A-A9F0-2E40B174260F}.Release|Any CPU.ActiveCfg = Release|Any CPU
		{8C740ADF-E4E1-444A-A9F0-2E40B174260F}.Release|Any CPU.Build.0 = Release|Any CPU
		{1E9C4BC3-FED7-42CA-8727-A6E5062F18EF}.Debug|Any CPU.ActiveCfg = Debug|Any CPU
		{1E9C4BC3-FED7-42CA-8727-A6E5062F18EF}.Debug|Any CPU.Build.0 = Debug|Any CPU
		{1E9C4BC3-FED7-42CA-8727-A6E5062F18EF}.Release|Any CPU.ActiveCfg = Release|Any CPU
		{1E9C4BC3-FED7-42CA-8727-A6E5062F18EF}.Release|Any CPU.Build.0 = Release|Any CPU
		{251058ED-EA21-439B-A495-FE43A9669B57}.Debug|Any CPU.ActiveCfg = Debug|Any CPU
		{251058ED-EA21-439B-A495-FE43A9669B57}.Debug|Any CPU.Build.0 = Debug|Any CPU
		{251058ED-EA21-439B-A495-FE43A9669B57}.Release|Any CPU.ActiveCfg = Release|Any CPU
		{251058ED-EA21-439B-A495-FE43A9669B57}.Release|Any CPU.Build.0 = Release|Any CPU
		{2298452A-51C1-4959-BC16-8564C89B3D10}.Debug|Any CPU.ActiveCfg = Debug|Any CPU
		{2298452A-51C1-4959-BC16-8564C89B3D10}.Debug|Any CPU.Build.0 = Debug|Any CPU
		{2298452A-51C1-4959-BC16-8564C89B3D10}.Release|Any CPU.ActiveCfg = Release|Any CPU
		{2298452A-51C1-4959-BC16-8564C89B3D10}.Release|Any CPU.Build.0 = Release|Any CPU
		{D6DB2C2B-D86D-45CF-A756-37ED71C614D3}.Debug|Any CPU.ActiveCfg = Debug|Any CPU
		{D6DB2C2B-D86D-45CF-A756-37ED71C614D3}.Debug|Any CPU.Build.0 = Debug|Any CPU
		{D6DB2C2B-D86D-45CF-A756-37ED71C614D3}.Release|Any CPU.ActiveCfg = Release|Any CPU
		{D6DB2C2B-D86D-45CF-A756-37ED71C614D3}.Release|Any CPU.Build.0 = Release|Any CPU
		{6AD2DEE5-2A41-462B-AEC8-4D8627DDD856}.Debug|Any CPU.ActiveCfg = Debug|Any CPU
		{6AD2DEE5-2A41-462B-AEC8-4D8627DDD856}.Debug|Any CPU.Build.0 = Debug|Any CPU
		{6AD2DEE5-2A41-462B-AEC8-4D8627DDD856}.Release|Any CPU.ActiveCfg = Release|Any CPU
		{6AD2DEE5-2A41-462B-AEC8-4D8627DDD856}.Release|Any CPU.Build.0 = Release|Any CPU
		{ADABC449-C565-4691-A505-E91E137B7F8C}.Debug|Any CPU.ActiveCfg = Debug|Any CPU
		{ADABC449-C565-4691-A505-E91E137B7F8C}.Debug|Any CPU.Build.0 = Debug|Any CPU
		{ADABC449-C565-4691-A505-E91E137B7F8C}.Release|Any CPU.ActiveCfg = Release|Any CPU
		{ADABC449-C565-4691-A505-E91E137B7F8C}.Release|Any CPU.Build.0 = Release|Any CPU
		{B05C6D2E-0ECC-4C0D-BBBA-AD70EC59F788}.Debug|Any CPU.ActiveCfg = Debug|Any CPU
		{B05C6D2E-0ECC-4C0D-BBBA-AD70EC59F788}.Debug|Any CPU.Build.0 = Debug|Any CPU
		{B05C6D2E-0ECC-4C0D-BBBA-AD70EC59F788}.Release|Any CPU.ActiveCfg = Release|Any CPU
		{B05C6D2E-0ECC-4C0D-BBBA-AD70EC59F788}.Release|Any CPU.Build.0 = Release|Any CPU
		{ED4ACB31-B46D-47FB-B2B1-16E2154D11CA}.Debug|Any CPU.ActiveCfg = Debug|Any CPU
		{ED4ACB31-B46D-47FB-B2B1-16E2154D11CA}.Debug|Any CPU.Build.0 = Debug|Any CPU
		{ED4ACB31-B46D-47FB-B2B1-16E2154D11CA}.Release|Any CPU.ActiveCfg = Release|Any CPU
		{ED4ACB31-B46D-47FB-B2B1-16E2154D11CA}.Release|Any CPU.Build.0 = Release|Any CPU
		{B78ED5CD-310E-4E03-A5F7-91EC3CC48150}.Debug|Any CPU.ActiveCfg = Debug|Any CPU
		{B78ED5CD-310E-4E03-A5F7-91EC3CC48150}.Debug|Any CPU.Build.0 = Debug|Any CPU
		{B78ED5CD-310E-4E03-A5F7-91EC3CC48150}.Release|Any CPU.ActiveCfg = Release|Any CPU
		{B78ED5CD-310E-4E03-A5F7-91EC3CC48150}.Release|Any CPU.Build.0 = Release|Any CPU
		{B4B8505F-9A34-461E-B18F-7CD6985D6107}.Debug|Any CPU.ActiveCfg = Debug|Any CPU
		{B4B8505F-9A34-461E-B18F-7CD6985D6107}.Debug|Any CPU.Build.0 = Debug|Any CPU
		{B4B8505F-9A34-461E-B18F-7CD6985D6107}.Release|Any CPU.ActiveCfg = Release|Any CPU
		{B4B8505F-9A34-461E-B18F-7CD6985D6107}.Release|Any CPU.Build.0 = Release|Any CPU
		{FB47E6F1-2E3B-47FC-A5A6-C048F54B7FE5}.Debug|Any CPU.ActiveCfg = Debug|Any CPU
		{FB47E6F1-2E3B-47FC-A5A6-C048F54B7FE5}.Debug|Any CPU.Build.0 = Debug|Any CPU
		{FB47E6F1-2E3B-47FC-A5A6-C048F54B7FE5}.Release|Any CPU.ActiveCfg = Release|Any CPU
		{FB47E6F1-2E3B-47FC-A5A6-C048F54B7FE5}.Release|Any CPU.Build.0 = Release|Any CPU
		{7A2CAA51-1EC3-4638-9EB6-3B928A2CD8CC}.Debug|Any CPU.ActiveCfg = Debug|Any CPU
		{7A2CAA51-1EC3-4638-9EB6-3B928A2CD8CC}.Debug|Any CPU.Build.0 = Debug|Any CPU
		{7A2CAA51-1EC3-4638-9EB6-3B928A2CD8CC}.Release|Any CPU.ActiveCfg = Release|Any CPU
		{7A2CAA51-1EC3-4638-9EB6-3B928A2CD8CC}.Release|Any CPU.Build.0 = Release|Any CPU
		{C73B69F8-BA2F-4DCE-83AE-14A6716D96F6}.Debug|Any CPU.ActiveCfg = Debug|Any CPU
		{C73B69F8-BA2F-4DCE-83AE-14A6716D96F6}.Debug|Any CPU.Build.0 = Debug|Any CPU
		{C73B69F8-BA2F-4DCE-83AE-14A6716D96F6}.Release|Any CPU.ActiveCfg = Release|Any CPU
		{C73B69F8-BA2F-4DCE-83AE-14A6716D96F6}.Release|Any CPU.Build.0 = Release|Any CPU
		{533E2112-CF20-434E-ADA7-97A994F74E64}.Debug|Any CPU.ActiveCfg = Debug|Any CPU
		{533E2112-CF20-434E-ADA7-97A994F74E64}.Debug|Any CPU.Build.0 = Debug|Any CPU
		{533E2112-CF20-434E-ADA7-97A994F74E64}.Release|Any CPU.ActiveCfg = Release|Any CPU
		{533E2112-CF20-434E-ADA7-97A994F74E64}.Release|Any CPU.Build.0 = Release|Any CPU
		{64B54C54-1148-4669-8D81-A0B4C97A368F}.Debug|Any CPU.ActiveCfg = Debug|Any CPU
		{64B54C54-1148-4669-8D81-A0B4C97A368F}.Debug|Any CPU.Build.0 = Debug|Any CPU
		{64B54C54-1148-4669-8D81-A0B4C97A368F}.Release|Any CPU.ActiveCfg = Release|Any CPU
		{64B54C54-1148-4669-8D81-A0B4C97A368F}.Release|Any CPU.Build.0 = Release|Any CPU
		{277F230C-64C9-4A90-BF71-1D0E83D26658}.Debug|Any CPU.ActiveCfg = Debug|Any CPU
		{277F230C-64C9-4A90-BF71-1D0E83D26658}.Debug|Any CPU.Build.0 = Debug|Any CPU
		{277F230C-64C9-4A90-BF71-1D0E83D26658}.Release|Any CPU.ActiveCfg = Release|Any CPU
		{277F230C-64C9-4A90-BF71-1D0E83D26658}.Release|Any CPU.Build.0 = Release|Any CPU
		{A09B1D60-436D-4677-BC14-58B21A9EBC18}.Debug|Any CPU.ActiveCfg = Debug|Any CPU
		{A09B1D60-436D-4677-BC14-58B21A9EBC18}.Debug|Any CPU.Build.0 = Debug|Any CPU
		{A09B1D60-436D-4677-BC14-58B21A9EBC18}.Release|Any CPU.ActiveCfg = Release|Any CPU
		{A09B1D60-436D-4677-BC14-58B21A9EBC18}.Release|Any CPU.Build.0 = Release|Any CPU
		{200F8A2C-E9F3-42A9-B813-339083A77344}.Debug|Any CPU.ActiveCfg = Debug|Any CPU
		{200F8A2C-E9F3-42A9-B813-339083A77344}.Debug|Any CPU.Build.0 = Debug|Any CPU
		{200F8A2C-E9F3-42A9-B813-339083A77344}.Release|Any CPU.ActiveCfg = Release|Any CPU
		{200F8A2C-E9F3-42A9-B813-339083A77344}.Release|Any CPU.Build.0 = Release|Any CPU
	EndGlobalSection
	GlobalSection(SolutionProperties) = preSolution
		HideSolutionNode = FALSE
	EndGlobalSection
	GlobalSection(NestedProjects) = preSolution
		{1E9C4BC3-FED7-42CA-8727-A6E5062F18EF} = {B71D5F28-8791-4FA3-96AE-130945D9B602}
		{2298452A-51C1-4959-BC16-8564C89B3D10} = {B71D5F28-8791-4FA3-96AE-130945D9B602}
		{6AD2DEE5-2A41-462B-AEC8-4D8627DDD856} = {B71D5F28-8791-4FA3-96AE-130945D9B602}
		{B05C6D2E-0ECC-4C0D-BBBA-AD70EC59F788} = {B71D5F28-8791-4FA3-96AE-130945D9B602}
		{B78ED5CD-310E-4E03-A5F7-91EC3CC48150} = {B71D5F28-8791-4FA3-96AE-130945D9B602}
		{B4B8505F-9A34-461E-B18F-7CD6985D6107} = {A35075D6-7EBA-45BE-9307-DC8FCA1290C9}
		{7A2CAA51-1EC3-4638-9EB6-3B928A2CD8CC} = {B71D5F28-8791-4FA3-96AE-130945D9B602}
		{C73B69F8-BA2F-4DCE-83AE-14A6716D96F6} = {A35075D6-7EBA-45BE-9307-DC8FCA1290C9}
		{64B54C54-1148-4669-8D81-A0B4C97A368F} = {B71D5F28-8791-4FA3-96AE-130945D9B602}
		{A09B1D60-436D-4677-BC14-58B21A9EBC18} = {B71D5F28-8791-4FA3-96AE-130945D9B602}
	EndGlobalSection
	GlobalSection(ExtensibilityGlobals) = postSolution
		SolutionGuid = {FB397887-50FB-487F-B34E-BC2B9973FB16}
	EndGlobalSection
EndGlobal
